// !$*UTF8*$!
{
	archiveVersion = 1;
	classes = {
	};
	objectVersion = 46;
	objects = {

/* Begin PBXBuildFile section */
		322C68431B28A2C600A0073F /* main.m in Sources */ = {isa = PBXBuildFile; fileRef = 322C68421B28A2C600A0073F /* main.m */; };
		322C68461B28A2C600A0073F /* AppDelegate.m in Sources */ = {isa = PBXBuildFile; fileRef = 322C68451B28A2C600A0073F /* AppDelegate.m */; };
		322C68491B28A2C600A0073F /* MasterViewController.m in Sources */ = {isa = PBXBuildFile; fileRef = 322C68481B28A2C600A0073F /* MasterViewController.m */; };
		322C684C1B28A2C600A0073F /* DetailViewController.m in Sources */ = {isa = PBXBuildFile; fileRef = 322C684B1B28A2C600A0073F /* DetailViewController.m */; };
		322C684F1B28A2C600A0073F /* Main.storyboard in Resources */ = {isa = PBXBuildFile; fileRef = 322C684D1B28A2C600A0073F /* Main.storyboard */; };
		322C68511B28A2C600A0073F /* Images.xcassets in Resources */ = {isa = PBXBuildFile; fileRef = 322C68501B28A2C600A0073F /* Images.xcassets */; };
		322C68541B28A2C600A0073F /* LaunchScreen.xib in Resources */ = {isa = PBXBuildFile; fileRef = 322C68521B28A2C600A0073F /* LaunchScreen.xib */; };
		322C68601B28A2C600A0073F /* TraversalsTests.m in Sources */ = {isa = PBXBuildFile; fileRef = 322C685F1B28A2C600A0073F /* TraversalsTests.m */; };
/* End PBXBuildFile section */

/* Begin PBXContainerItemProxy section */
		322C685A1B28A2C600A0073F /* PBXContainerItemProxy */ = {
			isa = PBXContainerItemProxy;
			containerPortal = 322C68351B28A2C600A0073F /* Project object */;
			proxyType = 1;
			remoteGlobalIDString = 322C683C1B28A2C600A0073F;
			remoteInfo = Traversals;
		};
/* End PBXContainerItemProxy section */

/* Begin PBXFileReference section */
		322C683D1B28A2C600A0073F /* Traversals.app */ = {isa = PBXFileReference; explicitFileType = wrapper.application; includeInIndex = 0; path = Traversals.app; sourceTree = BUILT_PRODUCTS_DIR; };
		322C68411B28A2C600A0073F /* Info.plist */ = {isa = PBXFileReference; lastKnownFileType = text.plist.xml; path = Info.plist; sourceTree = "<group>"; };
		322C68421B28A2C600A0073F /* main.m */ = {isa = PBXFileReference; lastKnownFileType = sourcecode.c.objc; path = main.m; sourceTree = "<group>"; };
		322C68441B28A2C600A0073F /* AppDelegate.h */ = {isa = PBXFileReference; lastKnownFileType = sourcecode.c.h; path = AppDelegate.h; sourceTree = "<group>"; };
		322C68451B28A2C600A0073F /* AppDelegate.m */ = {isa = PBXFileReference; lastKnownFileType = sourcecode.c.objc; path = AppDelegate.m; sourceTree = "<group>"; };
		322C68471B28A2C600A0073F /* MasterViewController.h */ = {isa = PBXFileReference; lastKnownFileType = sourcecode.c.h; path = MasterViewController.h; sourceTree = "<group>"; };
		322C68481B28A2C600A0073F /* MasterViewController.m */ = {isa = PBXFileReference; lastKnownFileType = sourcecode.c.objc; path = MasterViewController.m; sourceTree = "<group>"; };
		322C684A1B28A2C600A0073F /* DetailViewController.h */ = {isa = PBXFileReference; lastKnownFileType = sourcecode.c.h; path = DetailViewController.h; sourceTree = "<group>"; };
		322C684B1B28A2C600A0073F /* DetailViewController.m */ = {isa = PBXFileReference; lastKnownFileType = sourcecode.c.objc; path = DetailViewController.m; sourceTree = "<group>"; };
		322C684E1B28A2C600A0073F /* Base */ = {isa = PBXFileReference; lastKnownFileType = file.storyboard; name = Base; path = Base.lproj/Main.storyboard; sourceTree = "<group>"; };
		322C68501B28A2C600A0073F /* Images.xcassets */ = {isa = PBXFileReference; lastKnownFileType = folder.assetcatalog; path = Images.xcassets; sourceTree = "<group>"; };
		322C68531B28A2C600A0073F /* Base */ = {isa = PBXFileReference; lastKnownFileType = file.xib; name = Base; path = Base.lproj/LaunchScreen.xib; sourceTree = "<group>"; };
		322C68591B28A2C600A0073F /* TraversalsTests.xctest */ = {isa = PBXFileReference; explicitFileType = wrapper.cfbundle; includeInIndex = 0; path = TraversalsTests.xctest; sourceTree = BUILT_PRODUCTS_DIR; };
		322C685E1B28A2C600A0073F /* Info.plist */ = {isa = PBXFileReference; lastKnownFileType = text.plist.xml; path = Info.plist; sourceTree = "<group>"; };
		322C685F1B28A2C600A0073F /* TraversalsTests.m */ = {isa = PBXFileReference; lastKnownFileType = sourcecode.c.objc; path = TraversalsTests.m; sourceTree = "<group>"; };
/* End PBXFileReference section */

/* Begin PBXFrameworksBuildPhase section */
		322C683A1B28A2C600A0073F /* Frameworks */ = {
			isa = PBXFrameworksBuildPhase;
			buildActionMask = 2147483647;
			files = (
			);
			runOnlyForDeploymentPostprocessing = 0;
		};
		322C68561B28A2C600A0073F /* Frameworks */ = {
			isa = PBXFrameworksBuildPhase;
			buildActionMask = 2147483647;
			files = (
			);
			runOnlyForDeploymentPostprocessing = 0;
		};
/* End PBXFrameworksBuildPhase section */

/* Begin PBXGroup section */
		322C68341B28A2C600A0073F = {
			isa = PBXGroup;
			children = (
				322C683F1B28A2C600A0073F /* Traversals */,
				322C685C1B28A2C600A0073F /* TraversalsTests */,
				322C683E1B28A2C600A0073F /* Products */,
			);
			sourceTree = "<group>";
		};
		322C683E1B28A2C600A0073F /* Products */ = {
			isa = PBXGroup;
			children = (
				322C683D1B28A2C600A0073F /* Traversals.app */,
				322C68591B28A2C600A0073F /* TraversalsTests.xctest */,
			);
			name = Products;
			sourceTree = "<group>";
		};
		322C683F1B28A2C600A0073F /* Traversals */ = {
			isa = PBXGroup;
			children = (
				322C68441B28A2C600A0073F /* AppDelegate.h */,
				322C68451B28A2C600A0073F /* AppDelegate.m */,
				322C68471B28A2C600A0073F /* MasterViewController.h */,
				322C68481B28A2C600A0073F /* MasterViewController.m */,
				322C684A1B28A2C600A0073F /* DetailViewController.h */,
				322C684B1B28A2C600A0073F /* DetailViewController.m */,
				322C684D1B28A2C600A0073F /* Main.storyboard */,
				322C68501B28A2C600A0073F /* Images.xcassets */,
				322C68521B28A2C600A0073F /* LaunchScreen.xib */,
				322C68401B28A2C600A0073F /* Supporting Files */,
			);
			path = Traversals;
			sourceTree = "<group>";
		};
		322C68401B28A2C600A0073F /* Supporting Files */ = {
			isa = PBXGroup;
			children = (
				322C68411B28A2C600A0073F /* Info.plist */,
				322C68421B28A2C600A0073F /* main.m */,
			);
			name = "Supporting Files";
			sourceTree = "<group>";
		};
		322C685C1B28A2C600A0073F /* TraversalsTests */ = {
			isa = PBXGroup;
			children = (
				322C685F1B28A2C600A0073F /* TraversalsTests.m */,
				322C685D1B28A2C600A0073F /* Supporting Files */,
			);
			path = TraversalsTests;
			sourceTree = "<group>";
		};
		322C685D1B28A2C600A0073F /* Supporting Files */ = {
			isa = PBXGroup;
			children = (
				322C685E1B28A2C600A0073F /* Info.plist */,
			);
			name = "Supporting Files";
			sourceTree = "<group>";
		};
/* End PBXGroup section */

/* Begin PBXNativeTarget section */
		322C683C1B28A2C600A0073F /* Traversals */ = {
			isa = PBXNativeTarget;
			buildConfigurationList = 322C68631B28A2C600A0073F /* Build configuration list for PBXNativeTarget "Traversals" */;
			buildPhases = (
				322C68391B28A2C600A0073F /* Sources */,
				322C683A1B28A2C600A0073F /* Frameworks */,
				322C683B1B28A2C600A0073F /* Resources */,
			);
			buildRules = (
			);
			dependencies = (
			);
			name = Traversals;
			productName = Traversals;
			productReference = 322C683D1B28A2C600A0073F /* Traversals.app */;
			productType = "com.apple.product-type.application";
		};
		322C68581B28A2C600A0073F /* TraversalsTests */ = {
			isa = PBXNativeTarget;
			buildConfigurationList = 322C68661B28A2C600A0073F /* Build configuration list for PBXNativeTarget "TraversalsTests" */;
			buildPhases = (
				322C68551B28A2C600A0073F /* Sources */,
				322C68561B28A2C600A0073F /* Frameworks */,
				322C68571B28A2C600A0073F /* Resources */,
			);
			buildRules = (
			);
			dependencies = (
				322C685B1B28A2C600A0073F /* PBXTargetDependency */,
			);
			name = TraversalsTests;
			productName = TraversalsTests;
			productReference = 322C68591B28A2C600A0073F /* TraversalsTests.xctest */;
			productType = "com.apple.product-type.bundle.unit-test";
		};
/* End PBXNativeTarget section */

/* Begin PBXProject section */
		322C68351B28A2C600A0073F /* Project object */ = {
			isa = PBXProject;
			attributes = {
				LastUpgradeCheck = 0630;
				ORGANIZATIONNAME = "Rishabh Jain";
				TargetAttributes = {
					322C683C1B28A2C600A0073F = {
						CreatedOnToolsVersion = 6.3.2;
					};
					322C68581B28A2C600A0073F = {
						CreatedOnToolsVersion = 6.3.2;
						TestTargetID = 322C683C1B28A2C600A0073F;
					};
				};
			};
			buildConfigurationList = 322C68381B28A2C600A0073F /* Build configuration list for PBXProject "Traversals" */;
			compatibilityVersion = "Xcode 3.2";
			developmentRegion = English;
			hasScannedForEncodings = 0;
			knownRegions = (
				en,
				Base,
			);
			mainGroup = 322C68341B28A2C600A0073F;
			productRefGroup = 322C683E1B28A2C600A0073F /* Products */;
			projectDirPath = "";
			projectRoot = "";
			targets = (
				322C683C1B28A2C600A0073F /* Traversals */,
				322C68581B28A2C600A0073F /* TraversalsTests */,
			);
		};
/* End PBXProject section */

/* Begin PBXResourcesBuildPhase section */
		322C683B1B28A2C600A0073F /* Resources */ = {
			isa = PBXResourcesBuildPhase;
			buildActionMask = 2147483647;
			files = (
				322C684F1B28A2C600A0073F /* Main.storyboard in Resources */,
				322C68541B28A2C600A0073F /* LaunchScreen.xib in Resources */,
				322C68511B28A2C600A0073F /* Images.xcassets in Resources */,
			);
			runOnlyForDeploymentPostprocessing = 0;
		};
		322C68571B28A2C600A0073F /* Resources */ = {
			isa = PBXResourcesBuildPhase;
			buildActionMask = 2147483647;
			files = (
			);
			runOnlyForDeploymentPostprocessing = 0;
		};
/* End PBXResourcesBuildPhase section */

/* Begin PBXSourcesBuildPhase section */
		322C68391B28A2C600A0073F /* Sources */ = {
			isa = PBXSourcesBuildPhase;
			buildActionMask = 2147483647;
			files = (
				322C68461B28A2C600A0073F /* AppDelegate.m in Sources */,
				322C68491B28A2C600A0073F /* MasterViewController.m in Sources */,
				322C68431B28A2C600A0073F /* main.m in Sources */,
				322C684C1B28A2C600A0073F /* DetailViewController.m in Sources */,
			);
			runOnlyForDeploymentPostprocessing = 0;
		};
		322C68551B28A2C600A0073F /* Sources */ = {
			isa = PBXSourcesBuildPhase;
			buildActionMask = 2147483647;
			files = (
				322C68601B28A2C600A0073F /* TraversalsTests.m in Sources */,
			);
			runOnlyForDeploymentPostprocessing = 0;
		};
/* End PBXSourcesBuildPhase section */

/* Begin PBXTargetDependency section */
		322C685B1B28A2C600A0073F /* PBXTargetDependency */ = {
			isa = PBXTargetDependency;
			target = 322C683C1B28A2C600A0073F /* Traversals */;
			targetProxy = 322C685A1B28A2C600A0073F /* PBXContainerItemProxy */;
		};
/* End PBXTargetDependency section */

/* Begin PBXVariantGroup section */
		322C684D1B28A2C600A0073F /* Main.storyboard */ = {
			isa = PBXVariantGroup;
			children = (
				322C684E1B28A2C600A0073F /* Base */,
			);
			name = Main.storyboard;
			sourceTree = "<group>";
		};
		322C68521B28A2C600A0073F /* LaunchScreen.xib */ = {
			isa = PBXVariantGroup;
			children = (
				322C68531B28A2C600A0073F /* Base */,
			);
			name = LaunchScreen.xib;
			sourceTree = "<group>";
		};
/* End PBXVariantGroup section */

/* Begin XCBuildConfiguration section */
		322C68611B28A2C600A0073F /* Debug */ = {
			isa = XCBuildConfiguration;
			buildSettings = {
				ALWAYS_SEARCH_USER_PATHS = NO;
				CLANG_CXX_LANGUAGE_STANDARD = "gnu++0x";
				CLANG_CXX_LIBRARY = "libc++";
				CLANG_ENABLE_MODULES = YES;
				CLANG_ENABLE_OBJC_ARC = YES;
				CLANG_WARN_BOOL_CONVERSION = YES;
				CLANG_WARN_CONSTANT_CONVERSION = YES;
				CLANG_WARN_DIRECT_OBJC_ISA_USAGE = YES_ERROR;
				CLANG_WARN_EMPTY_BODY = YES;
				CLANG_WARN_ENUM_CONVERSION = YES;
				CLANG_WARN_INT_CONVERSION = YES;
				CLANG_WARN_OBJC_ROOT_CLASS = YES_ERROR;
				CLANG_WARN_UNREACHABLE_CODE = YES;
				CLANG_WARN__DUPLICATE_METHOD_MATCH = YES;
				"CODE_SIGN_IDENTITY[sdk=iphoneos*]" = "iPhone Developer";
				COPY_PHASE_STRIP = NO;
				DEBUG_INFORMATION_FORMAT = "dwarf-with-dsym";
				ENABLE_STRICT_OBJC_MSGSEND = YES;
				GCC_C_LANGUAGE_STANDARD = gnu99;
				GCC_DYNAMIC_NO_PIC = NO;
				GCC_NO_COMMON_BLOCKS = YES;
				GCC_OPTIMIZATION_LEVEL = 0;
				GCC_PREPROCESSOR_DEFINITIONS = (
					"DEBUG=1",
					"$(inherited)",
				);
				GCC_SYMBOLS_PRIVATE_EXTERN = NO;
				GCC_WARN_64_TO_32_BIT_CONVERSION = YES;
				GCC_WARN_ABOUT_RETURN_TYPE = YES_ERROR;
				GCC_WARN_UNDECLARED_SELECTOR = YES;
				GCC_WARN_UNINITIALIZED_AUTOS = YES_AGGRESSIVE;
				GCC_WARN_UNUSED_FUNCTION = YES;
				GCC_WARN_UNUSED_VARIABLE = YES;
				IPHONEOS_DEPLOYMENT_TARGET = 8.3;
				MTL_ENABLE_DEBUG_INFO = YES;
				ONLY_ACTIVE_ARCH = YES;
				SDKROOT = iphoneos;
			};
			name = Debug;
		};
		322C68621B28A2C600A0073F /* Release */ = {
			isa = XCBuildConfiguration;
			buildSettings = {
				ALWAYS_SEARCH_USER_PATHS = NO;
				CLANG_CXX_LANGUAGE_STANDARD = "gnu++0x";
				CLANG_CXX_LIBRARY = "libc++";
				CLANG_ENABLE_MODULES = YES;
				CLANG_ENABLE_OBJC_ARC = YES;
				CLANG_WARN_BOOL_CONVERSION = YES;
				CLANG_WARN_CONSTANT_CONVERSION = YES;
				CLANG_WARN_DIRECT_OBJC_ISA_USAGE = YES_ERROR;
				CLANG_WARN_EMPTY_BODY = YES;
				CLANG_WARN_ENUM_CONVERSION = YES;
				CLANG_WARN_INT_CONVERSION = YES;
				CLANG_WARN_OBJC_ROOT_CLASS = YES_ERROR;
				CLANG_WARN_UNREACHABLE_CODE = YES;
				CLANG_WARN__DUPLICATE_METHOD_MATCH = YES;
				"CODE_SIGN_IDENTITY[sdk=iphoneos*]" = "iPhone Developer";
				COPY_PHASE_STRIP = NO;
				DEBUG_INFORMATION_FORMAT = "dwarf-with-dsym";
				ENABLE_NS_ASSERTIONS = NO;
				ENABLE_STRICT_OBJC_MSGSEND = YES;
				GCC_C_LANGUAGE_STANDARD = gnu99;
				GCC_NO_COMMON_BLOCKS = YES;
				GCC_WARN_64_TO_32_BIT_CONVERSION = YES;
				GCC_WARN_ABOUT_RETURN_TYPE = YES_ERROR;
				GCC_WARN_UNDECLARED_SELECTOR = YES;
				GCC_WARN_UNINITIALIZED_AUTOS = YES_AGGRESSIVE;
				GCC_WARN_UNUSED_FUNCTION = YES;
				GCC_WARN_UNUSED_VARIABLE = YES;
				IPHONEOS_DEPLOYMENT_TARGET = 8.3;
				MTL_ENABLE_DEBUG_INFO = NO;
				SDKROOT = iphoneos;
				VALIDATE_PRODUCT = YES;
			};
			name = Release;
		};
		322C68641B28A2C600A0073F /* Debug */ = {
			isa = XCBuildConfiguration;
			buildSettings = {
				ASSETCATALOG_COMPILER_APPICON_NAME = AppIcon;
				INFOPLIST_FILE = Traversals/Info.plist;
				LD_RUNPATH_SEARCH_PATHS = "$(inherited) @executable_path/Frameworks";
				PRODUCT_NAME = "$(TARGET_NAME)";
			};
			name = Debug;
		};
		322C68651B28A2C600A0073F /* Release */ = {
			isa = XCBuildConfiguration;
			buildSettings = {
				ASSETCATALOG_COMPILER_APPICON_NAME = AppIcon;
				INFOPLIST_FILE = Traversals/Info.plist;
				LD_RUNPATH_SEARCH_PATHS = "$(inherited) @executable_path/Frameworks";
				PRODUCT_NAME = "$(TARGET_NAME)";
			};
			name = Release;
		};
		322C68671B28A2C600A0073F /* Debug */ = {
			isa = XCBuildConfiguration;
			buildSettings = {
				BUNDLE_LOADER = "$(TEST_HOST)";
				FRAMEWORK_SEARCH_PATHS = (
					"$(SDKROOT)/Developer/Library/Frameworks",
					"$(inherited)",
				);
				GCC_PREPROCESSOR_DEFINITIONS = (
					"DEBUG=1",
					"$(inherited)",
				);
				INFOPLIST_FILE = TraversalsTests/Info.plist;
				LD_RUNPATH_SEARCH_PATHS = "$(inherited) @executable_path/Frameworks @loader_path/Frameworks";
				PRODUCT_NAME = "$(TARGET_NAME)";
				TEST_HOST = "$(BUILT_PRODUCTS_DIR)/Traversals.app/Traversals";
			};
			name = Debug;
		};
		322C68681B28A2C600A0073F /* Release */ = {
			isa = XCBuildConfiguration;
			buildSettings = {
				BUNDLE_LOADER = "$(TEST_HOST)";
				FRAMEWORK_SEARCH_PATHS = (
					"$(SDKROOT)/Developer/Library/Frameworks",
					"$(inherited)",
				);
				INFOPLIST_FILE = TraversalsTests/Info.plist;
				LD_RUNPATH_SEARCH_PATHS = "$(inherited) @executable_path/Frameworks @loader_path/Frameworks";
				PRODUCT_NAME = "$(TARGET_NAME)";
				TEST_HOST = "$(BUILT_PRODUCTS_DIR)/Traversals.app/Traversals";
			};
			name = Release;
		};
/* End XCBuildConfiguration section */

/* Begin XCConfigurationList section */
		322C68381B28A2C600A0073F /* Build configuration list for PBXProject "Traversals" */ = {
			isa = XCConfigurationList;
			buildConfigurations = (
				322C68611B28A2C600A0073F /* Debug */,
				322C68621B28A2C600A0073F /* Release */,
			);
			defaultConfigurationIsVisible = 0;
			defaultConfigurationName = Release;
		};
		322C68631B28A2C600A0073F /* Build configuration list for PBXNativeTarget "Traversals" */ = {
			isa = XCConfigurationList;
			buildConfigurations = (
				322C68641B28A2C600A0073F /* Debug */,
				322C68651B28A2C600A0073F /* Release */,
			);
			defaultConfigurationIsVisible = 0;
		};
		322C68661B28A2C600A0073F /* Build configuration list for PBXNativeTarget "TraversalsTests" */ = {
			isa = XCConfigurationList;
			buildConfigurations = (
				322C68671B28A2C600A0073F /* Debug */,
				322C68681B28A2C600A0073F /* Release */,
			);
			defaultConfigurationIsVisible = 0;
		};
/* End XCConfigurationList section */
	};
	rootObject = 322C68351B28A2C600A0073F /* Project object */;
}
